
Microsoft Visual Studio Solution File, Format Version 12.00
# Visual Studio 15
VisualStudioVersion = 15.0.28307.106
MinimumVisualStudioVersion = 10.0.40219.1
Project("{FAE04EC0-301F-11D3-BF4B-00C04F79EFBC}") = "Alcadia.Sena.Api", "Alcadia.Sena.Api\Alcadia.Sena.Api.csproj", "{D87D058E-E1AC-4E88-A9FB-C8A0744CC15A}"
EndProject
Project("{FAE04EC0-301F-11D3-BF4B-00C04F79EFBC}") = "Alcadia.Sena.Models", "Alcadia.Sena.Models\Alcadia.Sena.Models.csproj", "{F37727C9-149F-4A79-965F-BAEF0BED6A3D}"
EndProject
Project("{FAE04EC0-301F-11D3-BF4B-00C04F79EFBC}") = "Alcadia.Sena.Processing", "Alcadia.Sena.Processing\Alcadia.Sena.Processing.csproj", "{01585AB5-2FEC-45EB-8E00-BFB6391C42C1}"
EndProject
Project("{FAE04EC0-301F-11D3-BF4B-00C04F79EFBC}") = "Alcadia.Sena.Repository", "Alcadia.Sena.Repository\Alcadia.Sena.Repository.csproj", "{9CF22655-E1A2-4EC7-92AE-C5A1263CB111}"
EndProject
Global
	GlobalSection(SolutionConfigurationPlatforms) = preSolution
		Debug|Any CPU = Debug|Any CPU
		Release|Any CPU = Release|Any CPU
	EndGlobalSection
	GlobalSection(ProjectConfigurationPlatforms) = postSolution
		{D87D058E-E1AC-4E88-A9FB-C8A0744CC15A}.Debug|Any CPU.ActiveCfg = Debug|Any CPU
		{D87D058E-E1AC-4E88-A9FB-C8A0744CC15A}.Debug|Any CPU.Build.0 = Debug|Any CPU
		{D87D058E-E1AC-4E88-A9FB-C8A0744CC15A}.Release|Any CPU.ActiveCfg = Release|Any CPU
		{D87D058E-E1AC-4E88-A9FB-C8A0744CC15A}.Release|Any CPU.Build.0 = Release|Any CPU
		{F37727C9-149F-4A79-965F-BAEF0BED6A3D}.Debug|Any CPU.ActiveCfg = Debug|Any CPU
		{F37727C9-149F-4A79-965F-BAEF0BED6A3D}.Debug|Any CPU.Build.0 = Debug|Any CPU
		{F37727C9-149F-4A79-965F-BAEF0BED6A3D}.Release|Any CPU.ActiveCfg = Release|Any CPU
		{F37727C9-149F-4A79-965F-BAEF0BED6A3D}.Release|Any CPU.Build.0 = Release|Any CPU
		{01585AB5-2FEC-45EB-8E00-BFB6391C42C1}.Debug|Any CPU.ActiveCfg = Debug|Any CPU
		{01585AB5-2FEC-45EB-8E00-BFB6391C42C1}.Debug|Any CPU.Build.0 = Debug|Any CPU
		{01585AB5-2FEC-45EB-8E00-BFB6391C42C1}.Release|Any CPU.ActiveCfg = Release|Any CPU
		{01585AB5-2FEC-45EB-8E00-BFB6391C42C1}.Release|Any CPU.Build.0 = Release|Any CPU
		{9CF22655-E1A2-4EC7-92AE-C5A1263CB111}.Debug|Any CPU.ActiveCfg = Debug|Any CPU
		{9CF22655-E1A2-4EC7-92AE-C5A1263CB111}.Debug|Any CPU.Build.0 = Debug|Any CPU
		{9CF22655-E1A2-4EC7-92AE-C5A1263CB111}.Release|Any CPU.ActiveCfg = Release|Any CPU
		{9CF22655-E1A2-4EC7-92AE-C5A1263CB111}.Release|Any CPU.Build.0 = Release|Any CPU
	EndGlobalSection
	GlobalSection(SolutionProperties) = preSolution
		HideSolutionNode = FALSE
	EndGlobalSection
	GlobalSection(ExtensibilityGlobals) = postSolution
		SolutionGuid = {1ACBF7D6-EE85-480D-8866-8A16F54FB95F}
	EndGlobalSection
EndGlobal
